
Microsoft Visual Studio Solution File, Format Version 12.00
# Visual Studio 14
VisualStudioVersion = 14.0.25420.1
MinimumVisualStudioVersion = 10.0.40219.1
Project("{FAE04EC0-301F-11D3-BF4B-00C04F79EFBC}") = "ZigNet.Api", "ZigNet.Api\ZigNet.Api.csproj", "{E155C4E9-649E-481C-81B6-4F21CC303411}"
EndProject
Project("{FAE04EC0-301F-11D3-BF4B-00C04F79EFBC}") = "ZigNet.Database", "ZigNet.Database\ZigNet.Database.csproj", "{26B84886-3E8D-442D-A4EF-5E89D5B5F11D}"
EndProject
Project("{FAE04EC0-301F-11D3-BF4B-00C04F79EFBC}") = "ZigNet.Database.EntityFramework", "ZigNet.Database.EntityFramework\ZigNet.Database.EntityFramework.csproj", "{CC3DA63B-D39A-41A9-8941-2203A92E250A}"
EndProject
Project("{FAE04EC0-301F-11D3-BF4B-00C04F79EFBC}") = "ZigNet.Business", "ZigNet.Business\ZigNet.Business.csproj", "{5438CFC4-9375-4CED-9B38-D1FCCD49E267}"
EndProject
Project("{FAE04EC0-301F-11D3-BF4B-00C04F79EFBC}") = "ZigNet.Business.Tests", "ZigNet.Business.Tests\ZigNet.Business.Tests.csproj", "{7FE7D40D-1BD3-4C2B-BF3C-7D89F38162D5}"
EndProject
Project("{FAE04EC0-301F-11D3-BF4B-00C04F79EFBC}") = "ZigNet.Api.Mapping", "ZigNet.Api.Mapping\ZigNet.Api.Mapping.csproj", "{3D267624-F7B1-4392-B4BE-0150DA33C666}"
EndProject
Project("{FAE04EC0-301F-11D3-BF4B-00C04F79EFBC}") = "ZigNet.Api.Mapping.Tests", "ZigNet.Api.Mapping.Tests\ZigNet.Api.Mapping.Tests.csproj", "{B086B392-4915-4920-A26E-1B8D09B4C4DA}"
EndProject
Project("{FAE04EC0-301F-11D3-BF4B-00C04F79EFBC}") = "ZigNet.Database.EntityFramework.Tests", "ZigNet.Database.EntityFramework.Tests\ZigNet.Database.EntityFramework.Tests.csproj", "{905CC61D-C15D-41DB-90FB-2F985A7A57BF}"
EndProject
Project("{FAE04EC0-301F-11D3-BF4B-00C04F79EFBC}") = "ZigNet.Api.Model", "ZigNet.Api.Model\ZigNet.Api.Model.csproj", "{C2A50FE1-D26A-4DD4-ABDD-31173386CCC2}"
EndProject
Project("{FAE04EC0-301F-11D3-BF4B-00C04F79EFBC}") = "ZigNet.Database.DataGenerator", "ZigNet.Database.DataGenerator\ZigNet.Database.DataGenerator.csproj", "{750E124E-8EC0-484E-B1E1-17ED46C6A3B8}"
EndProject
Project("{FAE04EC0-301F-11D3-BF4B-00C04F79EFBC}") = "ZigNet.Services", "ZigNet.Services\ZigNet.Services.csproj", "{93772535-6350-46DC-9041-CAEAC4A6B943}"
EndProject
Project("{FAE04EC0-301F-11D3-BF4B-00C04F79EFBC}") = "ZigNet.Services.EntityFramework", "ZigNet.Services.EntityFramework\ZigNet.Services.EntityFramework.csproj", "{ADAD78FC-F0E6-47FE-8816-2DC408797F36}"
EndProject
Project("{FAE04EC0-301F-11D3-BF4B-00C04F79EFBC}") = "ZigNet.Services.EntityFramework.Mapping", "ZigNet.Services.EntityFramework.Mapping\ZigNet.Services.EntityFramework.Mapping.csproj", "{E53EF582-5EAE-4016-82F8-05C5B6FDF4D4}"
EndProject
Project("{FAE04EC0-301F-11D3-BF4B-00C04F79EFBC}") = "ZigNet.Services.EntityFramework.Tests", "ZigNet.Services.EntityFramework.Tests\ZigNet.Services.EntityFramework.Tests.csproj", "{70B0A313-E035-4565-ADB8-8913342980DF}"
EndProject
Global
	GlobalSection(SolutionConfigurationPlatforms) = preSolution
		Debug|Any CPU = Debug|Any CPU
		Release|Any CPU = Release|Any CPU
	EndGlobalSection
	GlobalSection(ProjectConfigurationPlatforms) = postSolution
		{E155C4E9-649E-481C-81B6-4F21CC303411}.Debug|Any CPU.ActiveCfg = Debug|Any CPU
		{E155C4E9-649E-481C-81B6-4F21CC303411}.Debug|Any CPU.Build.0 = Debug|Any CPU
		{E155C4E9-649E-481C-81B6-4F21CC303411}.Release|Any CPU.ActiveCfg = Release|Any CPU
		{E155C4E9-649E-481C-81B6-4F21CC303411}.Release|Any CPU.Build.0 = Release|Any CPU
		{26B84886-3E8D-442D-A4EF-5E89D5B5F11D}.Debug|Any CPU.ActiveCfg = Debug|Any CPU
		{26B84886-3E8D-442D-A4EF-5E89D5B5F11D}.Debug|Any CPU.Build.0 = Debug|Any CPU
		{26B84886-3E8D-442D-A4EF-5E89D5B5F11D}.Release|Any CPU.ActiveCfg = Release|Any CPU
		{26B84886-3E8D-442D-A4EF-5E89D5B5F11D}.Release|Any CPU.Build.0 = Release|Any CPU
		{CC3DA63B-D39A-41A9-8941-2203A92E250A}.Debug|Any CPU.ActiveCfg = Debug|Any CPU
		{CC3DA63B-D39A-41A9-8941-2203A92E250A}.Debug|Any CPU.Build.0 = Debug|Any CPU
		{CC3DA63B-D39A-41A9-8941-2203A92E250A}.Release|Any CPU.ActiveCfg = Release|Any CPU
		{CC3DA63B-D39A-41A9-8941-2203A92E250A}.Release|Any CPU.Build.0 = Release|Any CPU
		{5438CFC4-9375-4CED-9B38-D1FCCD49E267}.Debug|Any CPU.ActiveCfg = Debug|Any CPU
		{5438CFC4-9375-4CED-9B38-D1FCCD49E267}.Debug|Any CPU.Build.0 = Debug|Any CPU
		{5438CFC4-9375-4CED-9B38-D1FCCD49E267}.Release|Any CPU.ActiveCfg = Release|Any CPU
		{5438CFC4-9375-4CED-9B38-D1FCCD49E267}.Release|Any CPU.Build.0 = Release|Any CPU
		{7FE7D40D-1BD3-4C2B-BF3C-7D89F38162D5}.Debug|Any CPU.ActiveCfg = Debug|Any CPU
		{7FE7D40D-1BD3-4C2B-BF3C-7D89F38162D5}.Debug|Any CPU.Build.0 = Debug|Any CPU
		{7FE7D40D-1BD3-4C2B-BF3C-7D89F38162D5}.Release|Any CPU.ActiveCfg = Release|Any CPU
		{7FE7D40D-1BD3-4C2B-BF3C-7D89F38162D5}.Release|Any CPU.Build.0 = Release|Any CPU
		{3D267624-F7B1-4392-B4BE-0150DA33C666}.Debug|Any CPU.ActiveCfg = Debug|Any CPU
		{3D267624-F7B1-4392-B4BE-0150DA33C666}.Debug|Any CPU.Build.0 = Debug|Any CPU
		{3D267624-F7B1-4392-B4BE-0150DA33C666}.Release|Any CPU.ActiveCfg = Release|Any CPU
		{3D267624-F7B1-4392-B4BE-0150DA33C666}.Release|Any CPU.Build.0 = Release|Any CPU
		{B086B392-4915-4920-A26E-1B8D09B4C4DA}.Debug|Any CPU.ActiveCfg = Debug|Any CPU
		{B086B392-4915-4920-A26E-1B8D09B4C4DA}.Debug|Any CPU.Build.0 = Debug|Any CPU
		{B086B392-4915-4920-A26E-1B8D09B4C4DA}.Release|Any CPU.ActiveCfg = Release|Any CPU
		{B086B392-4915-4920-A26E-1B8D09B4C4DA}.Release|Any CPU.Build.0 = Release|Any CPU
		{905CC61D-C15D-41DB-90FB-2F985A7A57BF}.Debug|Any CPU.ActiveCfg = Debug|Any CPU
		{905CC61D-C15D-41DB-90FB-2F985A7A57BF}.Debug|Any CPU.Build.0 = Debug|Any CPU
		{905CC61D-C15D-41DB-90FB-2F985A7A57BF}.Release|Any CPU.ActiveCfg = Release|Any CPU
		{905CC61D-C15D-41DB-90FB-2F985A7A57BF}.Release|Any CPU.Build.0 = Release|Any CPU
		{C2A50FE1-D26A-4DD4-ABDD-31173386CCC2}.Debug|Any CPU.ActiveCfg = Debug|Any CPU
		{C2A50FE1-D26A-4DD4-ABDD-31173386CCC2}.Debug|Any CPU.Build.0 = Debug|Any CPU
		{C2A50FE1-D26A-4DD4-ABDD-31173386CCC2}.Release|Any CPU.ActiveCfg = Release|Any CPU
		{C2A50FE1-D26A-4DD4-ABDD-31173386CCC2}.Release|Any CPU.Build.0 = Release|Any CPU
		{750E124E-8EC0-484E-B1E1-17ED46C6A3B8}.Debug|Any CPU.ActiveCfg = Debug|Any CPU
		{750E124E-8EC0-484E-B1E1-17ED46C6A3B8}.Debug|Any CPU.Build.0 = Debug|Any CPU
		{750E124E-8EC0-484E-B1E1-17ED46C6A3B8}.Release|Any CPU.ActiveCfg = Release|Any CPU
		{750E124E-8EC0-484E-B1E1-17ED46C6A3B8}.Release|Any CPU.Build.0 = Release|Any CPU
		{93772535-6350-46DC-9041-CAEAC4A6B943}.Debug|Any CPU.ActiveCfg = Debug|Any CPU
		{93772535-6350-46DC-9041-CAEAC4A6B943}.Debug|Any CPU.Build.0 = Debug|Any CPU
		{93772535-6350-46DC-9041-CAEAC4A6B943}.Release|Any CPU.ActiveCfg = Release|Any CPU
		{93772535-6350-46DC-9041-CAEAC4A6B943}.Release|Any CPU.Build.0 = Release|Any CPU
		{ADAD78FC-F0E6-47FE-8816-2DC408797F36}.Debug|Any CPU.ActiveCfg = Debug|Any CPU
		{ADAD78FC-F0E6-47FE-8816-2DC408797F36}.Debug|Any CPU.Build.0 = Debug|Any CPU
		{ADAD78FC-F0E6-47FE-8816-2DC408797F36}.Release|Any CPU.ActiveCfg = Release|Any CPU
		{ADAD78FC-F0E6-47FE-8816-2DC408797F36}.Release|Any CPU.Build.0 = Release|Any CPU
		{E53EF582-5EAE-4016-82F8-05C5B6FDF4D4}.Debug|Any CPU.ActiveCfg = Debug|Any CPU
		{E53EF582-5EAE-4016-82F8-05C5B6FDF4D4}.Debug|Any CPU.Build.0 = Debug|Any CPU
		{E53EF582-5EAE-4016-82F8-05C5B6FDF4D4}.Release|Any CPU.ActiveCfg = Release|Any CPU
		{E53EF582-5EAE-4016-82F8-05C5B6FDF4D4}.Release|Any CPU.Build.0 = Release|Any CPU
		{70B0A313-E035-4565-ADB8-8913342980DF}.Debug|Any CPU.ActiveCfg = Debug|Any CPU
		{70B0A313-E035-4565-ADB8-8913342980DF}.Debug|Any CPU.Build.0 = Debug|Any CPU
		{70B0A313-E035-4565-ADB8-8913342980DF}.Release|Any CPU.ActiveCfg = Release|Any CPU
		{70B0A313-E035-4565-ADB8-8913342980DF}.Release|Any CPU.Build.0 = Release|Any CPU
	EndGlobalSection
	GlobalSection(SolutionProperties) = preSolution
		HideSolutionNode = FALSE
	EndGlobalSection
	GlobalSection(ExtensibilityGlobals) = postSolution
		SolutionGuid = {DCF5F878-FB81-45EC-8F0B-A9D616D199E1}
	EndGlobalSection
	GlobalSection(TeamFoundationVersionControl) = preSolution
		SccNumberOfProjects = 15
		SccEnterpriseProvider = {4CA58AB2-18FA-4F8D-95D4-32DDF27D184C}
		SccTeamFoundationServer = https://tfs.prd.costargroup.com/tfs/costarcollection
		SccLocalPath0 = .
		SccProjectUniqueName1 = ZigNet.Api\\ZigNet.Api.csproj
		SccProjectName1 = ZigNet.Api
		SccLocalPath1 = ZigNet.Api
		SccProjectUniqueName2 = ZigNet.Database\\ZigNet.Database.csproj
		SccProjectName2 = ZigNet.Database
		SccLocalPath2 = ZigNet.Database
		SccProjectUniqueName3 = ZigNet.Database.EntityFramework\\ZigNet.Database.EntityFramework.csproj
		SccProjectName3 = ZigNet.Database.EntityFramework
		SccLocalPath3 = ZigNet.Database.EntityFramework
		SccProjectUniqueName4 = ZigNet.Business\\ZigNet.Business.csproj
		SccProjectName4 = ZigNet.Business
		SccLocalPath4 = ZigNet.Business
		SccProjectUniqueName5 = ZigNet.Business.Tests\\ZigNet.Business.Tests.csproj
		SccProjectName5 = ZigNet.Business.Tests
		SccLocalPath5 = ZigNet.Business.Tests
		SccProjectUniqueName6 = ZigNet.Api.Mapping\\ZigNet.Api.Mapping.csproj
		SccProjectName6 = ZigNet.Api.Mapping
		SccLocalPath6 = ZigNet.Api.Mapping
		SccProjectUniqueName7 = ZigNet.Api.Mapping.Tests\\ZigNet.Api.Mapping.Tests.csproj
		SccProjectName7 = ZigNet.Api.Mapping.Tests
		SccLocalPath7 = ZigNet.Api.Mapping.Tests
		SccProjectUniqueName8 = ZigNet.Database.EntityFramework.Tests\\ZigNet.Database.EntityFramework.Tests.csproj
		SccProjectName8 = ZigNet.Database.EntityFramework.Tests
		SccLocalPath8 = ZigNet.Database.EntityFramework.Tests
		SccProjectUniqueName9 = ZigNet.Api.Model\\ZigNet.Api.Model.csproj
		SccProjectName9 = ZigNet.Api.Model
		SccLocalPath9 = ZigNet.Api.Model
		SccProjectUniqueName10 = ZigNet.Database.DataGenerator\\ZigNet.Database.DataGenerator.csproj
		SccProjectName10 = ZigNet.Database.DataGenerator
		SccLocalPath10 = ZigNet.Database.DataGenerator
		SccProjectUniqueName11 = ZigNet.Services\\ZigNet.Services.csproj
		SccProjectName11 = ZigNet.Services
		SccLocalPath11 = ZigNet.Services
		SccProjectUniqueName12 = ZigNet.Services.EntityFramework\\ZigNet.Services.EntityFramework.csproj
		SccProjectName12 = ZigNet.Services.EntityFramework
		SccLocalPath12 = ZigNet.Services.EntityFramework
		SccProjectUniqueName13 = ZigNet.Services.EntityFramework.Mapping\\ZigNet.Services.EntityFramework.Mapping.csproj
		SccProjectName13 = ZigNet.Services.EntityFramework.Mapping
		SccLocalPath13 = ZigNet.Services.EntityFramework.Mapping
		SccProjectUniqueName14 = ZigNet.Services.EntityFramework.Tests\\ZigNet.Services.EntityFramework.Tests.csproj
		SccProjectName14 = ZigNet.Services.EntityFramework.Tests
		SccLocalPath14 = ZigNet.Services.EntityFramework.Tests
	EndGlobalSection
EndGlobal
